
Microsoft Visual Studio Solution File, Format Version 12.00
# Visual Studio Version 16
VisualStudioVersion = 16.0.30320.27
MinimumVisualStudioVersion = 10.0.40219.1
Project("{9A19103F-16F7-4668-BE54-9A1E7A4F7556}") = "ShelterDemo.Api.Dogs", "ShelterDemo.Api.Dogs\ShelterDemo.Api.Dogs.csproj", "{929948B1-0B6A-4672-B4A5-54CD9714A26B}"
EndProject
Project("{9A19103F-16F7-4668-BE54-9A1E7A4F7556}") = "ShelterDemo.Api.Expenses", "ShelterDemo.Api.Expenses\ShelterDemo.Api.Expenses.csproj", "{EADA7278-19D1-450D-9DFE-51710437BAA4}"
EndProject
Project("{9A19103F-16F7-4668-BE54-9A1E7A4F7556}") = "ShelterDemo.Api.Search", "ShelterDemo.Api.Search\ShelterDemo.Api.Search.csproj", "{990F4FC4-6812-4F41-8087-B69DCDD63E9E}"
EndProject
Project("{FAE04EC0-301F-11D3-BF4B-00C04F79EFBC}") = "ShelterDemo.Api.Dogs.Tests", "ShelterDemo.Api.Dogs.Tests\ShelterDemo.Api.Dogs.Tests.csproj", "{137A7667-57C8-44BB-ABE4-6BFD1CFD0843}"
EndProject
Global
	GlobalSection(SolutionConfigurationPlatforms) = preSolution
		Debug|Any CPU = Debug|Any CPU
		Release|Any CPU = Release|Any CPU
	EndGlobalSection
	GlobalSection(ProjectConfigurationPlatforms) = postSolution
		{929948B1-0B6A-4672-B4A5-54CD9714A26B}.Debug|Any CPU.ActiveCfg = Debug|Any CPU
		{929948B1-0B6A-4672-B4A5-54CD9714A26B}.Debug|Any CPU.Build.0 = Debug|Any CPU
		{929948B1-0B6A-4672-B4A5-54CD9714A26B}.Release|Any CPU.ActiveCfg = Release|Any CPU
		{929948B1-0B6A-4672-B4A5-54CD9714A26B}.Release|Any CPU.Build.0 = Release|Any CPU
		{EADA7278-19D1-450D-9DFE-51710437BAA4}.Debug|Any CPU.ActiveCfg = Debug|Any CPU
		{EADA7278-19D1-450D-9DFE-51710437BAA4}.Debug|Any CPU.Build.0 = Debug|Any CPU
		{EADA7278-19D1-450D-9DFE-51710437BAA4}.Release|Any CPU.ActiveCfg = Release|Any CPU
		{EADA7278-19D1-450D-9DFE-51710437BAA4}.Release|Any CPU.Build.0 = Release|Any CPU
		{990F4FC4-6812-4F41-8087-B69DCDD63E9E}.Debug|Any CPU.ActiveCfg = Debug|Any CPU
		{990F4FC4-6812-4F41-8087-B69DCDD63E9E}.Debug|Any CPU.Build.0 = Debug|Any CPU
		{990F4FC4-6812-4F41-8087-B69DCDD63E9E}.Release|Any CPU.ActiveCfg = Release|Any CPU
		{990F4FC4-6812-4F41-8087-B69DCDD63E9E}.Release|Any CPU.Build.0 = Release|Any CPU
		{137A7667-57C8-44BB-ABE4-6BFD1CFD0843}.Debug|Any CPU.ActiveCfg = Debug|Any CPU
		{137A7667-57C8-44BB-ABE4-6BFD1CFD0843}.Debug|Any CPU.Build.0 = Debug|Any CPU
		{137A7667-57C8-44BB-ABE4-6BFD1CFD0843}.Release|Any CPU.ActiveCfg = Release|Any CPU
		{137A7667-57C8-44BB-ABE4-6BFD1CFD0843}.Release|Any CPU.Build.0 = Release|Any CPU
	EndGlobalSection
	GlobalSection(SolutionProperties) = preSolution
		HideSolutionNode = FALSE
	EndGlobalSection
	GlobalSection(ExtensibilityGlobals) = postSolution
		SolutionGuid = {55664D0F-1DE0-4FCA-9004-34CF24D51E55}
	EndGlobalSection
EndGlobal
